
Microsoft Visual Studio Solution File, Format Version 12.00
# Visual Studio Version 16
VisualStudioVersion = 16.0.30320.27
MinimumVisualStudioVersion = 10.0.40219.1
Project("{9A19103F-16F7-4668-BE54-9A1E7A4F7556}") = "FastBot.Telegram", "FastBot.Telegram\FastBot.Telegram.csproj", "{ADF80D2C-41CA-4DCF-9A16-5578C698397D}"
EndProject
Project("{9A19103F-16F7-4668-BE54-9A1E7A4F7556}") = "FastBot.Telegram.Example", "FastBot.Telegram.Example\FastBot.Telegram.Example.csproj", "{5E7DA3C0-A136-4FEE-A036-B173417B2E3E}"
EndProject
Global
	GlobalSection(SolutionConfigurationPlatforms) = preSolution
		Debug|Any CPU = Debug|Any CPU
		Release|Any CPU = Release|Any CPU
	EndGlobalSection
	GlobalSection(ProjectConfigurationPlatforms) = postSolution
		{ADF80D2C-41CA-4DCF-9A16-5578C698397D}.Debug|Any CPU.ActiveCfg = Debug|Any CPU
		{ADF80D2C-41CA-4DCF-9A16-5578C698397D}.Debug|Any CPU.Build.0 = Debug|Any CPU
		{ADF80D2C-41CA-4DCF-9A16-5578C698397D}.Release|Any CPU.ActiveCfg = Release|Any CPU
		{ADF80D2C-41CA-4DCF-9A16-5578C698397D}.Release|Any CPU.Build.0 = Release|Any CPU
		{5E7DA3C0-A136-4FEE-A036-B173417B2E3E}.Debug|Any CPU.ActiveCfg = Debug|Any CPU
		{5E7DA3C0-A136-4FEE-A036-B173417B2E3E}.Debug|Any CPU.Build.0 = Debug|Any CPU
		{5E7DA3C0-A136-4FEE-A036-B173417B2E3E}.Release|Any CPU.ActiveCfg = Release|Any CPU
		{5E7DA3C0-A136-4FEE-A036-B173417B2E3E}.Release|Any CPU.Build.0 = Release|Any CPU
	EndGlobalSection
	GlobalSection(SolutionProperties) = preSolution
		HideSolutionNode = FALSE
	EndGlobalSection
	GlobalSection(ExtensibilityGlobals) = postSolution
		SolutionGuid = {93438C58-FF5B-426E-B2A9-B93B8AF2644C}
	EndGlobalSection
EndGlobal
